
Microsoft Visual Studio Solution File, Format Version 12.00
# Visual Studio Version 16
VisualStudioVersion = 16.0.32407.337
MinimumVisualStudioVersion = 10.0.40219.1
Project("{9A19103F-16F7-4668-BE54-9A1E7A4F7556}") = "Locations.Api", "Locations.Api\Locations.Api.csproj", "{0B04BD11-4852-4726-BC88-350E5156F3CE}"
EndProject
Project("{9A19103F-16F7-4668-BE54-9A1E7A4F7556}") = "Locations.BlazorClient", "..\Locations.BlazorClient\Locations.BlazorClient.csproj", "{EA0C937C-4DB2-4BA8-B194-B7E1F1C0105E}"
EndProject
Project("{FAE04EC0-301F-11D3-BF4B-00C04F79EFBC}") = "JwtApp", "JwtApp\JwtApp.csproj", "{79D61D44-8AE1-4632-BA3E-2F6D3D4BB6BC}"
EndProject
Global
	GlobalSection(SolutionConfigurationPlatforms) = preSolution
		Debug|Any CPU = Debug|Any CPU
		Release|Any CPU = Release|Any CPU
	EndGlobalSection
	GlobalSection(ProjectConfigurationPlatforms) = postSolution
		{0B04BD11-4852-4726-BC88-350E5156F3CE}.Debug|Any CPU.ActiveCfg = Debug|Any CPU
		{0B04BD11-4852-4726-BC88-350E5156F3CE}.Debug|Any CPU.Build.0 = Debug|Any CPU
		{0B04BD11-4852-4726-BC88-350E5156F3CE}.Release|Any CPU.ActiveCfg = Release|Any CPU
		{0B04BD11-4852-4726-BC88-350E5156F3CE}.Release|Any CPU.Build.0 = Release|Any CPU
		{EA0C937C-4DB2-4BA8-B194-B7E1F1C0105E}.Debug|Any CPU.ActiveCfg = Debug|Any CPU
		{EA0C937C-4DB2-4BA8-B194-B7E1F1C0105E}.Debug|Any CPU.Build.0 = Debug|Any CPU
		{EA0C937C-4DB2-4BA8-B194-B7E1F1C0105E}.Release|Any CPU.ActiveCfg = Release|Any CPU
		{EA0C937C-4DB2-4BA8-B194-B7E1F1C0105E}.Release|Any CPU.Build.0 = Release|Any CPU
		{79D61D44-8AE1-4632-BA3E-2F6D3D4BB6BC}.Debug|Any CPU.ActiveCfg = Debug|Any CPU
		{79D61D44-8AE1-4632-BA3E-2F6D3D4BB6BC}.Debug|Any CPU.Build.0 = Debug|Any CPU
		{79D61D44-8AE1-4632-BA3E-2F6D3D4BB6BC}.Release|Any CPU.ActiveCfg = Release|Any CPU
		{79D61D44-8AE1-4632-BA3E-2F6D3D4BB6BC}.Release|Any CPU.Build.0 = Release|Any CPU
	EndGlobalSection
	GlobalSection(SolutionProperties) = preSolution
		HideSolutionNode = FALSE
	EndGlobalSection
	GlobalSection(ExtensibilityGlobals) = postSolution
		SolutionGuid = {ADFA7B72-AB3E-46DB-8BD9-1660F3F84AF7}
	EndGlobalSection
EndGlobal
